
Microsoft Visual Studio Solution File, Format Version 12.00
# Visual Studio Version 16
VisualStudioVersion = 16.0.31025.109
MinimumVisualStudioVersion = 10.0.40219.1
Project("{FAE04EC0-301F-11D3-BF4B-00C04F79EFBC}") = "C868.Android", "C868\C868.Android\C868.Android.csproj", "{94400B51-F4C6-4CA5-BA93-63B079DA74C2}"
EndProject
Project("{FAE04EC0-301F-11D3-BF4B-00C04F79EFBC}") = "C868.iOS", "C868\C868.iOS\C868.iOS.csproj", "{D342AC70-43DC-403A-805F-C71CE15E18C5}"
EndProject
Project("{9A19103F-16F7-4668-BE54-9A1E7A4F7556}") = "C868", "C868\C868\C868.csproj", "{7BC85EB1-DF2E-4D31-98F2-CEF9844519F7}"
EndProject
Project("{FAE04EC0-301F-11D3-BF4B-00C04F79EFBC}") = "C868Tests2", "C868\C868Tests2\C868Tests2.csproj", "{4826CDDA-DD34-4640-91B1-75F177428536}"
EndProject
Global
	GlobalSection(SolutionConfigurationPlatforms) = preSolution
		Debug|Any CPU = Debug|Any CPU
		Debug|iPhone = Debug|iPhone
		Debug|iPhoneSimulator = Debug|iPhoneSimulator
		Release|Any CPU = Release|Any CPU
		Release|iPhone = Release|iPhone
		Release|iPhoneSimulator = Release|iPhoneSimulator
	EndGlobalSection
	GlobalSection(ProjectConfigurationPlatforms) = postSolution
		{94400B51-F4C6-4CA5-BA93-63B079DA74C2}.Debug|Any CPU.ActiveCfg = Debug|Any CPU
		{94400B51-F4C6-4CA5-BA93-63B079DA74C2}.Debug|Any CPU.Build.0 = Debug|Any CPU
		{94400B51-F4C6-4CA5-BA93-63B079DA74C2}.Debug|Any CPU.Deploy.0 = Debug|Any CPU
		{94400B51-F4C6-4CA5-BA93-63B079DA74C2}.Debug|iPhone.ActiveCfg = Debug|Any CPU
		{94400B51-F4C6-4CA5-BA93-63B079DA74C2}.Debug|iPhone.Build.0 = Debug|Any CPU
		{94400B51-F4C6-4CA5-BA93-63B079DA74C2}.Debug|iPhone.Deploy.0 = Debug|Any CPU
		{94400B51-F4C6-4CA5-BA93-63B079DA74C2}.Debug|iPhoneSimulator.ActiveCfg = Debug|Any CPU
		{94400B51-F4C6-4CA5-BA93-63B079DA74C2}.Debug|iPhoneSimulator.Build.0 = Debug|Any CPU
		{94400B51-F4C6-4CA5-BA93-63B079DA74C2}.Debug|iPhoneSimulator.Deploy.0 = Debug|Any CPU
		{94400B51-F4C6-4CA5-BA93-63B079DA74C2}.Release|Any CPU.ActiveCfg = Release|Any CPU
		{94400B51-F4C6-4CA5-BA93-63B079DA74C2}.Release|Any CPU.Build.0 = Release|Any CPU
		{94400B51-F4C6-4CA5-BA93-63B079DA74C2}.Release|Any CPU.Deploy.0 = Release|Any CPU
		{94400B51-F4C6-4CA5-BA93-63B079DA74C2}.Release|iPhone.ActiveCfg = Release|Any CPU
		{94400B51-F4C6-4CA5-BA93-63B079DA74C2}.Release|iPhone.Build.0 = Release|Any CPU
		{94400B51-F4C6-4CA5-BA93-63B079DA74C2}.Release|iPhone.Deploy.0 = Release|Any CPU
		{94400B51-F4C6-4CA5-BA93-63B079DA74C2}.Release|iPhoneSimulator.ActiveCfg = Release|Any CPU
		{94400B51-F4C6-4CA5-BA93-63B079DA74C2}.Release|iPhoneSimulator.Build.0 = Release|Any CPU
		{94400B51-F4C6-4CA5-BA93-63B079DA74C2}.Release|iPhoneSimulator.Deploy.0 = Release|Any CPU
		{D342AC70-43DC-403A-805F-C71CE15E18C5}.Debug|Any CPU.ActiveCfg = Debug|iPhone
		{D342AC70-43DC-403A-805F-C71CE15E18C5}.Debug|Any CPU.Build.0 = Debug|iPhone
		{D342AC70-43DC-403A-805F-C71CE15E18C5}.Debug|Any CPU.Deploy.0 = Debug|iPhone
		{D342AC70-43DC-403A-805F-C71CE15E18C5}.Debug|iPhone.ActiveCfg = Debug|iPhone
		{D342AC70-43DC-403A-805F-C71CE15E18C5}.Debug|iPhone.Build.0 = Debug|iPhone
		{D342AC70-43DC-403A-805F-C71CE15E18C5}.Debug|iPhone.Deploy.0 = Debug|iPhone
		{D342AC70-43DC-403A-805F-C71CE15E18C5}.Debug|iPhoneSimulator.ActiveCfg = Debug|iPhoneSimulator
		{D342AC70-43DC-403A-805F-C71CE15E18C5}.Debug|iPhoneSimulator.Build.0 = Debug|iPhoneSimulator
		{D342AC70-43DC-403A-805F-C71CE15E18C5}.Debug|iPhoneSimulator.Deploy.0 = Debug|iPhoneSimulator
		{D342AC70-43DC-403A-805F-C71CE15E18C5}.Release|Any CPU.ActiveCfg = Release|iPhoneSimulator
		{D342AC70-43DC-403A-805F-C71CE15E18C5}.Release|Any CPU.Build.0 = Release|iPhoneSimulator
		{D342AC70-43DC-403A-805F-C71CE15E18C5}.Release|Any CPU.Deploy.0 = Release|iPhoneSimulator
		{D342AC70-43DC-403A-805F-C71CE15E18C5}.Release|iPhone.ActiveCfg = Release|iPhone
		{D342AC70-43DC-403A-805F-C71CE15E18C5}.Release|iPhone.Build.0 = Release|iPhone
		{D342AC70-43DC-403A-805F-C71CE15E18C5}.Release|iPhone.Deploy.0 = Release|iPhone
		{D342AC70-43DC-403A-805F-C71CE15E18C5}.Release|iPhoneSimulator.ActiveCfg = Release|iPhoneSimulator
		{D342AC70-43DC-403A-805F-C71CE15E18C5}.Release|iPhoneSimulator.Build.0 = Release|iPhoneSimulator
		{D342AC70-43DC-403A-805F-C71CE15E18C5}.Release|iPhoneSimulator.Deploy.0 = Release|iPhoneSimulator
		{7BC85EB1-DF2E-4D31-98F2-CEF9844519F7}.Debug|Any CPU.ActiveCfg = Debug|Any CPU
		{7BC85EB1-DF2E-4D31-98F2-CEF9844519F7}.Debug|Any CPU.Build.0 = Debug|Any CPU
		{7BC85EB1-DF2E-4D31-98F2-CEF9844519F7}.Debug|Any CPU.Deploy.0 = Debug|Any CPU
		{7BC85EB1-DF2E-4D31-98F2-CEF9844519F7}.Debug|iPhone.ActiveCfg = Debug|Any CPU
		{7BC85EB1-DF2E-4D31-98F2-CEF9844519F7}.Debug|iPhone.Build.0 = Debug|Any CPU
		{7BC85EB1-DF2E-4D31-98F2-CEF9844519F7}.Debug|iPhone.Deploy.0 = Debug|Any CPU
		{7BC85EB1-DF2E-4D31-98F2-CEF9844519F7}.Debug|iPhoneSimulator.ActiveCfg = Debug|Any CPU
		{7BC85EB1-DF2E-4D31-98F2-CEF9844519F7}.Debug|iPhoneSimulator.Build.0 = Debug|Any CPU
		{7BC85EB1-DF2E-4D31-98F2-CEF9844519F7}.Debug|iPhoneSimulator.Deploy.0 = Debug|Any CPU
		{7BC85EB1-DF2E-4D31-98F2-CEF9844519F7}.Release|Any CPU.ActiveCfg = Release|Any CPU
		{7BC85EB1-DF2E-4D31-98F2-CEF9844519F7}.Release|Any CPU.Build.0 = Release|Any CPU
		{7BC85EB1-DF2E-4D31-98F2-CEF9844519F7}.Release|Any CPU.Deploy.0 = Release|Any CPU
		{7BC85EB1-DF2E-4D31-98F2-CEF9844519F7}.Release|iPhone.ActiveCfg = Release|Any CPU
		{7BC85EB1-DF2E-4D31-98F2-CEF9844519F7}.Release|iPhone.Build.0 = Release|Any CPU
		{7BC85EB1-DF2E-4D31-98F2-CEF9844519F7}.Release|iPhone.Deploy.0 = Release|Any CPU
		{7BC85EB1-DF2E-4D31-98F2-CEF9844519F7}.Release|iPhoneSimulator.ActiveCfg = Release|Any CPU
		{7BC85EB1-DF2E-4D31-98F2-CEF9844519F7}.Release|iPhoneSimulator.Build.0 = Release|Any CPU
		{7BC85EB1-DF2E-4D31-98F2-CEF9844519F7}.Release|iPhoneSimulator.Deploy.0 = Release|Any CPU
		{4826CDDA-DD34-4640-91B1-75F177428536}.Debug|Any CPU.ActiveCfg = Debug|Any CPU
		{4826CDDA-DD34-4640-91B1-75F177428536}.Debug|Any CPU.Build.0 = Debug|Any CPU
		{4826CDDA-DD34-4640-91B1-75F177428536}.Debug|iPhone.ActiveCfg = Debug|Any CPU
		{4826CDDA-DD34-4640-91B1-75F177428536}.Debug|iPhone.Build.0 = Debug|Any CPU
		{4826CDDA-DD34-4640-91B1-75F177428536}.Debug|iPhoneSimulator.ActiveCfg = Debug|Any CPU
		{4826CDDA-DD34-4640-91B1-75F177428536}.Debug|iPhoneSimulator.Build.0 = Debug|Any CPU
		{4826CDDA-DD34-4640-91B1-75F177428536}.Release|Any CPU.ActiveCfg = Release|Any CPU
		{4826CDDA-DD34-4640-91B1-75F177428536}.Release|Any CPU.Build.0 = Release|Any CPU
		{4826CDDA-DD34-4640-91B1-75F177428536}.Release|iPhone.ActiveCfg = Release|Any CPU
		{4826CDDA-DD34-4640-91B1-75F177428536}.Release|iPhone.Build.0 = Release|Any CPU
		{4826CDDA-DD34-4640-91B1-75F177428536}.Release|iPhoneSimulator.ActiveCfg = Release|Any CPU
		{4826CDDA-DD34-4640-91B1-75F177428536}.Release|iPhoneSimulator.Build.0 = Release|Any CPU
	EndGlobalSection
	GlobalSection(SolutionProperties) = preSolution
		HideSolutionNode = FALSE
	EndGlobalSection
	GlobalSection(ExtensibilityGlobals) = postSolution
		SolutionGuid = {937178EF-6F11-45D5-B8C7-EF58030409DA}
	EndGlobalSection
EndGlobal
